// !$*UTF8*$!
{
	archiveVersion = 1;
	classes = {
	};
	objectVersion = 51;
	objects = {

/* Begin PBXBuildFile section */
		3AF1233463F49B1B8750FC7C /* Pods_Events.framework in Frameworks */ = {isa = PBXBuildFile; fileRef = E9F69B9512DCAFAE39CA814B /* Pods_Events.framework */; };
		8F6B2A9AB86C8C53399DB268 /* Pods_EventsTests.framework in Frameworks */ = {isa = PBXBuildFile; fileRef = 1C820080D3E08DD3D71D924D /* Pods_EventsTests.framework */; };
		C608E4AD2355ED9C002AB15A /* GetEventDetail.swift in Sources */ = {isa = PBXBuildFile; fileRef = C608E4AC2355ED9C002AB15A /* GetEventDetail.swift */; };
		C6791A812353DFE1006C7FD2 /* AppDelegate.swift in Sources */ = {isa = PBXBuildFile; fileRef = C6791A802353DFE1006C7FD2 /* AppDelegate.swift */; };
		C6791A832353DFE1006C7FD2 /* SceneDelegate.swift in Sources */ = {isa = PBXBuildFile; fileRef = C6791A822353DFE1006C7FD2 /* SceneDelegate.swift */; };
		C6791A8A2353DFEA006C7FD2 /* Assets.xcassets in Resources */ = {isa = PBXBuildFile; fileRef = C6791A892353DFEA006C7FD2 /* Assets.xcassets */; };
		C6791A8D2353DFEA006C7FD2 /* LaunchScreen.storyboard in Resources */ = {isa = PBXBuildFile; fileRef = C6791A8B2353DFEA006C7FD2 /* LaunchScreen.storyboard */; };
		C6791A982353DFEA006C7FD2 /* EventsTests.swift in Sources */ = {isa = PBXBuildFile; fileRef = C6791A972353DFEA006C7FD2 /* EventsTests.swift */; };
		C6791AA72353EBFB006C7FD2 /* GetAllEvents.swift in Sources */ = {isa = PBXBuildFile; fileRef = C6791AA62353EBFB006C7FD2 /* GetAllEvents.swift */; };
		C6791AAA2353F43B006C7FD2 /* RestClient.swift in Sources */ = {isa = PBXBuildFile; fileRef = C6791AA92353F43B006C7FD2 /* RestClient.swift */; };
		C6791AAC2353F467006C7FD2 /* HttpMethod.swift in Sources */ = {isa = PBXBuildFile; fileRef = C6791AAB2353F467006C7FD2 /* HttpMethod.swift */; };
		C6791AAF2353FE3E006C7FD2 /* Event.swift in Sources */ = {isa = PBXBuildFile; fileRef = C6791AAE2353FE3E006C7FD2 /* Event.swift */; };
		C6791AB12353FE65006C7FD2 /* Person.swift in Sources */ = {isa = PBXBuildFile; fileRef = C6791AB02353FE65006C7FD2 /* Person.swift */; };
		C6791AB32353FE8B006C7FD2 /* Coupon.swift in Sources */ = {isa = PBXBuildFile; fileRef = C6791AB22353FE8B006C7FD2 /* Coupon.swift */; };
		C6791ABE235415B2006C7FD2 /* EventsViewModel.swift in Sources */ = {isa = PBXBuildFile; fileRef = C6791ABD235415B2006C7FD2 /* EventsViewModel.swift */; };
		C6791AC023541609006C7FD2 /* EventListViewController.swift in Sources */ = {isa = PBXBuildFile; fileRef = C6791ABF23541609006C7FD2 /* EventListViewController.swift */; };
		C6791AC2235417FC006C7FD2 /* EventListViewController.storyboard in Resources */ = {isa = PBXBuildFile; fileRef = C6791AC1235417FB006C7FD2 /* EventListViewController.storyboard */; };
		C6791AC623541A94006C7FD2 /* EventItemTableViewCell.swift in Sources */ = {isa = PBXBuildFile; fileRef = C6791AC423541A94006C7FD2 /* EventItemTableViewCell.swift */; };
		C6791AC723541A94006C7FD2 /* EventItemTableViewCell.xib in Resources */ = {isa = PBXBuildFile; fileRef = C6791AC523541A94006C7FD2 /* EventItemTableViewCell.xib */; };
		C6F4D3AC2355636400570260 /* ImageCache.swift in Sources */ = {isa = PBXBuildFile; fileRef = C6F4D3AB2355636300570260 /* ImageCache.swift */; };
		C6F4D3AF235567D800570260 /* UIImageViewExtension.swift in Sources */ = {isa = PBXBuildFile; fileRef = C6F4D3AE235567D800570260 /* UIImageViewExtension.swift */; };
		C6F4D3B123556C9900570260 /* Storyboard.storyboard in Resources */ = {isa = PBXBuildFile; fileRef = C6F4D3B023556C9900570260 /* Storyboard.storyboard */; };
/* End PBXBuildFile section */

/* Begin PBXContainerItemProxy section */
		C6791A942353DFEA006C7FD2 /* PBXContainerItemProxy */ = {
			isa = PBXContainerItemProxy;
			containerPortal = C6791A752353DFE1006C7FD2 /* Project object */;
			proxyType = 1;
			remoteGlobalIDString = C6791A7C2353DFE1006C7FD2;
			remoteInfo = Events;
		};
/* End PBXContainerItemProxy section */

/* Begin PBXFileReference section */
		0FBAC8D3760CF5DFF2182B83 /* Pods-Events.debug.xcconfig */ = {isa = PBXFileReference; includeInIndex = 1; lastKnownFileType = text.xcconfig; name = "Pods-Events.debug.xcconfig"; path = "Target Support Files/Pods-Events/Pods-Events.debug.xcconfig"; sourceTree = "<group>"; };
		130573E4C1D653BA8E80AD72 /* Pods-EventsTests.debug.xcconfig */ = {isa = PBXFileReference; includeInIndex = 1; lastKnownFileType = text.xcconfig; name = "Pods-EventsTests.debug.xcconfig"; path = "Target Support Files/Pods-EventsTests/Pods-EventsTests.debug.xcconfig"; sourceTree = "<group>"; };
		1C820080D3E08DD3D71D924D /* Pods_EventsTests.framework */ = {isa = PBXFileReference; explicitFileType = wrapper.framework; includeInIndex = 0; path = Pods_EventsTests.framework; sourceTree = BUILT_PRODUCTS_DIR; };
		5B12BC75031F66655589A463 /* Pods-Events.release.xcconfig */ = {isa = PBXFileReference; includeInIndex = 1; lastKnownFileType = text.xcconfig; name = "Pods-Events.release.xcconfig"; path = "Target Support Files/Pods-Events/Pods-Events.release.xcconfig"; sourceTree = "<group>"; };
		7A4F1494281C645F047D9E48 /* Pods-EventsTests.release.xcconfig */ = {isa = PBXFileReference; includeInIndex = 1; lastKnownFileType = text.xcconfig; name = "Pods-EventsTests.release.xcconfig"; path = "Target Support Files/Pods-EventsTests/Pods-EventsTests.release.xcconfig"; sourceTree = "<group>"; };
		C608E4AC2355ED9C002AB15A /* GetEventDetail.swift */ = {isa = PBXFileReference; lastKnownFileType = sourcecode.swift; path = GetEventDetail.swift; sourceTree = "<group>"; };
		C6791A7D2353DFE1006C7FD2 /* Events.app */ = {isa = PBXFileReference; explicitFileType = wrapper.application; includeInIndex = 0; path = Events.app; sourceTree = BUILT_PRODUCTS_DIR; };
		C6791A802353DFE1006C7FD2 /* AppDelegate.swift */ = {isa = PBXFileReference; lastKnownFileType = sourcecode.swift; path = AppDelegate.swift; sourceTree = "<group>"; };
		C6791A822353DFE1006C7FD2 /* SceneDelegate.swift */ = {isa = PBXFileReference; lastKnownFileType = sourcecode.swift; path = SceneDelegate.swift; sourceTree = "<group>"; };
		C6791A892353DFEA006C7FD2 /* Assets.xcassets */ = {isa = PBXFileReference; lastKnownFileType = folder.assetcatalog; path = Assets.xcassets; sourceTree = "<group>"; };
		C6791A8C2353DFEA006C7FD2 /* Base */ = {isa = PBXFileReference; lastKnownFileType = file.storyboard; name = Base; path = Base.lproj/LaunchScreen.storyboard; sourceTree = "<group>"; };
		C6791A8E2353DFEA006C7FD2 /* Info.plist */ = {isa = PBXFileReference; lastKnownFileType = text.plist.xml; path = Info.plist; sourceTree = "<group>"; };
		C6791A932353DFEA006C7FD2 /* EventsTests.xctest */ = {isa = PBXFileReference; explicitFileType = wrapper.cfbundle; includeInIndex = 0; path = EventsTests.xctest; sourceTree = BUILT_PRODUCTS_DIR; };
		C6791A972353DFEA006C7FD2 /* EventsTests.swift */ = {isa = PBXFileReference; lastKnownFileType = sourcecode.swift; path = EventsTests.swift; sourceTree = "<group>"; };
		C6791A992353DFEA006C7FD2 /* Info.plist */ = {isa = PBXFileReference; lastKnownFileType = text.plist.xml; path = Info.plist; sourceTree = "<group>"; };
		C6791AA62353EBFB006C7FD2 /* GetAllEvents.swift */ = {isa = PBXFileReference; lastKnownFileType = sourcecode.swift; path = GetAllEvents.swift; sourceTree = "<group>"; };
		C6791AA92353F43B006C7FD2 /* RestClient.swift */ = {isa = PBXFileReference; lastKnownFileType = sourcecode.swift; path = RestClient.swift; sourceTree = "<group>"; };
		C6791AAB2353F467006C7FD2 /* HttpMethod.swift */ = {isa = PBXFileReference; lastKnownFileType = sourcecode.swift; path = HttpMethod.swift; sourceTree = "<group>"; };
		C6791AAE2353FE3E006C7FD2 /* Event.swift */ = {isa = PBXFileReference; lastKnownFileType = sourcecode.swift; path = Event.swift; sourceTree = "<group>"; };
		C6791AB02353FE65006C7FD2 /* Person.swift */ = {isa = PBXFileReference; lastKnownFileType = sourcecode.swift; path = Person.swift; sourceTree = "<group>"; };
		C6791AB22353FE8B006C7FD2 /* Coupon.swift */ = {isa = PBXFileReference; lastKnownFileType = sourcecode.swift; path = Coupon.swift; sourceTree = "<group>"; };
		C6791ABD235415B2006C7FD2 /* EventsViewModel.swift */ = {isa = PBXFileReference; lastKnownFileType = sourcecode.swift; path = EventsViewModel.swift; sourceTree = "<group>"; };
		C6791ABF23541609006C7FD2 /* EventListViewController.swift */ = {isa = PBXFileReference; lastKnownFileType = sourcecode.swift; path = EventListViewController.swift; sourceTree = "<group>"; };
		C6791AC1235417FB006C7FD2 /* EventListViewController.storyboard */ = {isa = PBXFileReference; lastKnownFileType = file.storyboard; path = EventListViewController.storyboard; sourceTree = "<group>"; };
		C6791AC423541A94006C7FD2 /* EventItemTableViewCell.swift */ = {isa = PBXFileReference; lastKnownFileType = sourcecode.swift; path = EventItemTableViewCell.swift; sourceTree = "<group>"; };
		C6791AC523541A94006C7FD2 /* EventItemTableViewCell.xib */ = {isa = PBXFileReference; lastKnownFileType = file.xib; path = EventItemTableViewCell.xib; sourceTree = "<group>"; };
		C6F4D3AB2355636300570260 /* ImageCache.swift */ = {isa = PBXFileReference; lastKnownFileType = sourcecode.swift; path = ImageCache.swift; sourceTree = "<group>"; };
		C6F4D3AE235567D800570260 /* UIImageViewExtension.swift */ = {isa = PBXFileReference; lastKnownFileType = sourcecode.swift; path = UIImageViewExtension.swift; sourceTree = "<group>"; };
		C6F4D3B023556C9900570260 /* Storyboard.storyboard */ = {isa = PBXFileReference; lastKnownFileType = file.storyboard; path = Storyboard.storyboard; sourceTree = "<group>"; };
		E9F69B9512DCAFAE39CA814B /* Pods_Events.framework */ = {isa = PBXFileReference; explicitFileType = wrapper.framework; includeInIndex = 0; path = Pods_Events.framework; sourceTree = BUILT_PRODUCTS_DIR; };
/* End PBXFileReference section */

/* Begin PBXFrameworksBuildPhase section */
		C6791A7A2353DFE1006C7FD2 /* Frameworks */ = {
			isa = PBXFrameworksBuildPhase;
			buildActionMask = 2147483647;
			files = (
				3AF1233463F49B1B8750FC7C /* Pods_Events.framework in Frameworks */,
			);
			runOnlyForDeploymentPostprocessing = 0;
		};
		C6791A902353DFEA006C7FD2 /* Frameworks */ = {
			isa = PBXFrameworksBuildPhase;
			buildActionMask = 2147483647;
			files = (
				8F6B2A9AB86C8C53399DB268 /* Pods_EventsTests.framework in Frameworks */,
			);
			runOnlyForDeploymentPostprocessing = 0;
		};
/* End PBXFrameworksBuildPhase section */

/* Begin PBXGroup section */
		7A70E1B42E2124E8E1E4D099 /* Pods */ = {
			isa = PBXGroup;
			children = (
				0FBAC8D3760CF5DFF2182B83 /* Pods-Events.debug.xcconfig */,
				5B12BC75031F66655589A463 /* Pods-Events.release.xcconfig */,
				130573E4C1D653BA8E80AD72 /* Pods-EventsTests.debug.xcconfig */,
				7A4F1494281C645F047D9E48 /* Pods-EventsTests.release.xcconfig */,
			);
			path = Pods;
			sourceTree = "<group>";
		};
		C608E4AB2355ED13002AB15A /* GetEventDetail */ = {
			isa = PBXGroup;
			children = (
				C608E4AC2355ED9C002AB15A /* GetEventDetail.swift */,
			);
			path = GetEventDetail;
			sourceTree = "<group>";
		};
		C6791A742353DFE1006C7FD2 = {
			isa = PBXGroup;
			children = (
				C6791A7F2353DFE1006C7FD2 /* Events */,
				C6791A962353DFEA006C7FD2 /* EventsTests */,
				C6791A7E2353DFE1006C7FD2 /* Products */,
				7A70E1B42E2124E8E1E4D099 /* Pods */,
				D0DF7A8CC7AD36087E9F4EB9 /* Frameworks */,
			);
			sourceTree = "<group>";
		};
		C6791A7E2353DFE1006C7FD2 /* Products */ = {
			isa = PBXGroup;
			children = (
				C6791A7D2353DFE1006C7FD2 /* Events.app */,
				C6791A932353DFEA006C7FD2 /* EventsTests.xctest */,
			);
			name = Products;
			sourceTree = "<group>";
		};
		C6791A7F2353DFE1006C7FD2 /* Events */ = {
			isa = PBXGroup;
			children = (
				C6791AA22353EB27006C7FD2 /* Data */,
				C6F4D3AD2355641C00570260 /* Extensions */,
				C6F4D3AA235562A600570260 /* Util */,
				C6F4D3A92355626D00570260 /* Resources */,
				C6791AB723541387006C7FD2 /* ViewModel */,
				C6791AB623541344006C7FD2 /* View */,
				C6791A802353DFE1006C7FD2 /* AppDelegate.swift */,
				C6791A822353DFE1006C7FD2 /* SceneDelegate.swift */,
				C6791A8B2353DFEA006C7FD2 /* LaunchScreen.storyboard */,
				C6791A8E2353DFEA006C7FD2 /* Info.plist */,
			);
			path = Events;
			sourceTree = "<group>";
		};
		C6791A962353DFEA006C7FD2 /* EventsTests */ = {
			isa = PBXGroup;
			children = (
				C6791A972353DFEA006C7FD2 /* EventsTests.swift */,
				C6791A992353DFEA006C7FD2 /* Info.plist */,
			);
			path = EventsTests;
			sourceTree = "<group>";
		};
		C6791AA22353EB27006C7FD2 /* Data */ = {
			isa = PBXGroup;
			children = (
				C6791AA32353EB40006C7FD2 /* Remote */,
			);
			path = Data;
			sourceTree = "<group>";
		};
		C6791AA32353EB40006C7FD2 /* Remote */ = {
			isa = PBXGroup;
			children = (
				C6791AAD2353FE0B006C7FD2 /* Model */,
				C6791AA42353EB51006C7FD2 /* Services */,
			);
			path = Remote;
			sourceTree = "<group>";
		};
		C6791AA42353EB51006C7FD2 /* Services */ = {
			isa = PBXGroup;
			children = (
				C608E4AB2355ED13002AB15A /* GetEventDetail */,
				C6791AA82353EE2D006C7FD2 /* GetAllEvents */,
				C6791AAB2353F467006C7FD2 /* HttpMethod.swift */,
				C6791AA92353F43B006C7FD2 /* RestClient.swift */,
			);
			path = Services;
			sourceTree = "<group>";
		};
		C6791AA82353EE2D006C7FD2 /* GetAllEvents */ = {
			isa = PBXGroup;
			children = (
				C6791AA62353EBFB006C7FD2 /* GetAllEvents.swift */,
			);
			path = GetAllEvents;
			sourceTree = "<group>";
		};
		C6791AAD2353FE0B006C7FD2 /* Model */ = {
			isa = PBXGroup;
			children = (
				EBED57D92354FED100B24A93 /* GetAllEvents */,
			);
			path = Model;
			sourceTree = "<group>";
		};
		C6791AB623541344006C7FD2 /* View */ = {
			isa = PBXGroup;
			children = (
				C6F4D3B22355A53700570260 /* Event */,
				C6F4D3B023556C9900570260 /* Storyboard.storyboard */,
			);
			path = View;
			sourceTree = "<group>";
		};
		C6791AB723541387006C7FD2 /* ViewModel */ = {
			isa = PBXGroup;
			children = (
				C6791ABD235415B2006C7FD2 /* EventsViewModel.swift */,
			);
			path = ViewModel;
			sourceTree = "<group>";
		};
		C6791ABA235413C3006C7FD2 /* EventList */ = {
			isa = PBXGroup;
			children = (
				C6791ABF23541609006C7FD2 /* EventListViewController.swift */,
				C6791AC1235417FB006C7FD2 /* EventListViewController.storyboard */,
			);
			path = EventList;
			sourceTree = "<group>";
		};
		C6791AC3235419D6006C7FD2 /* EventCellItem */ = {
			isa = PBXGroup;
			children = (
				C6791AC423541A94006C7FD2 /* EventItemTableViewCell.swift */,
				C6791AC523541A94006C7FD2 /* EventItemTableViewCell.xib */,
			);
			path = EventCellItem;
			sourceTree = "<group>";
		};
		C6F4D3A92355626D00570260 /* Resources */ = {
			isa = PBXGroup;
			children = (
				C6791A892353DFEA006C7FD2 /* Assets.xcassets */,
			);
			path = Resources;
			sourceTree = "<group>";
		};
		C6F4D3AA235562A600570260 /* Util */ = {
			isa = PBXGroup;
			children = (
				C6F4D3AB2355636300570260 /* ImageCache.swift */,
			);
			path = Util;
			sourceTree = "<group>";
		};
		C6F4D3AD2355641C00570260 /* Extensions */ = {
			isa = PBXGroup;
			children = (
				C6F4D3AE235567D800570260 /* UIImageViewExtension.swift */,
			);
			path = Extensions;
			sourceTree = "<group>";
		};
		C6F4D3B22355A53700570260 /* Event */ = {
			isa = PBXGroup;
			children = (
				C6791AC3235419D6006C7FD2 /* EventCellItem */,
				C6791ABA235413C3006C7FD2 /* EventList */,
			);
			path = Event;
			sourceTree = "<group>";
		};
		D0DF7A8CC7AD36087E9F4EB9 /* Frameworks */ = {
			isa = PBXGroup;
			children = (
				E9F69B9512DCAFAE39CA814B /* Pods_Events.framework */,
				1C820080D3E08DD3D71D924D /* Pods_EventsTests.framework */,
			);
			name = Frameworks;
			sourceTree = "<group>";
		};
		EBED57D92354FED100B24A93 /* GetAllEvents */ = {
			isa = PBXGroup;
			children = (
				C6791AAE2353FE3E006C7FD2 /* Event.swift */,
				C6791AB02353FE65006C7FD2 /* Person.swift */,
				C6791AB22353FE8B006C7FD2 /* Coupon.swift */,
			);
			path = GetAllEvents;
			sourceTree = "<group>";
		};
/* End PBXGroup section */

/* Begin PBXNativeTarget section */
		C6791A7C2353DFE1006C7FD2 /* Events */ = {
			isa = PBXNativeTarget;
			buildConfigurationList = C6791A9C2353DFEA006C7FD2 /* Build configuration list for PBXNativeTarget "Events" */;
			buildPhases = (
				19A7B4E2BEA74E2DF710AB75 /* [CP] Check Pods Manifest.lock */,
				C6791A792353DFE1006C7FD2 /* Sources */,
				C6791A7A2353DFE1006C7FD2 /* Frameworks */,
				C6791A7B2353DFE1006C7FD2 /* Resources */,
				4316BC683AEE21D33710E756 /* [CP] Embed Pods Frameworks */,
			);
			buildRules = (
			);
			dependencies = (
			);
			name = Events;
			productName = Events;
			productReference = C6791A7D2353DFE1006C7FD2 /* Events.app */;
			productType = "com.apple.product-type.application";
		};
		C6791A922353DFEA006C7FD2 /* EventsTests */ = {
			isa = PBXNativeTarget;
			buildConfigurationList = C6791A9F2353DFEA006C7FD2 /* Build configuration list for PBXNativeTarget "EventsTests" */;
			buildPhases = (
				355321F5198D51EBDA6EA307 /* [CP] Check Pods Manifest.lock */,
				C6791A8F2353DFEA006C7FD2 /* Sources */,
				C6791A902353DFEA006C7FD2 /* Frameworks */,
				C6791A912353DFEA006C7FD2 /* Resources */,
				92F182B9E0914287E58ED09D /* [CP] Embed Pods Frameworks */,
			);
			buildRules = (
			);
			dependencies = (
				C6791A952353DFEA006C7FD2 /* PBXTargetDependency */,
			);
			name = EventsTests;
			productName = EventsTests;
			productReference = C6791A932353DFEA006C7FD2 /* EventsTests.xctest */;
			productType = "com.apple.product-type.bundle.unit-test";
		};
/* End PBXNativeTarget section */

/* Begin PBXProject section */
		C6791A752353DFE1006C7FD2 /* Project object */ = {
			isa = PBXProject;
			attributes = {
				LastSwiftUpdateCheck = 1110;
				LastUpgradeCheck = 1110;
				ORGANIZATIONNAME = "Darci Neto";
				TargetAttributes = {
					C6791A7C2353DFE1006C7FD2 = {
						CreatedOnToolsVersion = 11.1;
					};
					C6791A922353DFEA006C7FD2 = {
						CreatedOnToolsVersion = 11.1;
						TestTargetID = C6791A7C2353DFE1006C7FD2;
					};
				};
			};
			buildConfigurationList = C6791A782353DFE1006C7FD2 /* Build configuration list for PBXProject "Events" */;
			compatibilityVersion = "Xcode 9.3";
			developmentRegion = en;
			hasScannedForEncodings = 0;
			knownRegions = (
				en,
				Base,
			);
			mainGroup = C6791A742353DFE1006C7FD2;
			productRefGroup = C6791A7E2353DFE1006C7FD2 /* Products */;
			projectDirPath = "";
			projectRoot = "";
			targets = (
				C6791A7C2353DFE1006C7FD2 /* Events */,
				C6791A922353DFEA006C7FD2 /* EventsTests */,
			);
		};
/* End PBXProject section */

/* Begin PBXResourcesBuildPhase section */
		C6791A7B2353DFE1006C7FD2 /* Resources */ = {
			isa = PBXResourcesBuildPhase;
			buildActionMask = 2147483647;
			files = (
				C6791A8D2353DFEA006C7FD2 /* LaunchScreen.storyboard in Resources */,
				C6791A8A2353DFEA006C7FD2 /* Assets.xcassets in Resources */,
				C6791AC2235417FC006C7FD2 /* EventListViewController.storyboard in Resources */,
				C6791AC723541A94006C7FD2 /* EventItemTableViewCell.xib in Resources */,
				C6F4D3B123556C9900570260 /* Storyboard.storyboard in Resources */,
			);
			runOnlyForDeploymentPostprocessing = 0;
		};
		C6791A912353DFEA006C7FD2 /* Resources */ = {
			isa = PBXResourcesBuildPhase;
			buildActionMask = 2147483647;
			files = (
			);
			runOnlyForDeploymentPostprocessing = 0;
		};
/* End PBXResourcesBuildPhase section */

/* Begin PBXShellScriptBuildPhase section */
		19A7B4E2BEA74E2DF710AB75 /* [CP] Check Pods Manifest.lock */ = {
			isa = PBXShellScriptBuildPhase;
			buildActionMask = 2147483647;
			files = (
			);
			inputFileListPaths = (
			);
			inputPaths = (
				"${PODS_PODFILE_DIR_PATH}/Podfile.lock",
				"${PODS_ROOT}/Manifest.lock",
			);
			name = "[CP] Check Pods Manifest.lock";
			outputFileListPaths = (
			);
			outputPaths = (
				"$(DERIVED_FILE_DIR)/Pods-Events-checkManifestLockResult.txt",
			);
			runOnlyForDeploymentPostprocessing = 0;
			shellPath = /bin/sh;
			shellScript = "diff \"${PODS_PODFILE_DIR_PATH}/Podfile.lock\" \"${PODS_ROOT}/Manifest.lock\" > /dev/null\nif [ $? != 0 ] ; then\n    # print error to STDERR\n    echo \"error: The sandbox is not in sync with the Podfile.lock. Run 'pod install' or update your CocoaPods installation.\" >&2\n    exit 1\nfi\n# This output is used by Xcode 'outputs' to avoid re-running this script phase.\necho \"SUCCESS\" > \"${SCRIPT_OUTPUT_FILE_0}\"\n";
			showEnvVarsInLog = 0;
		};
		355321F5198D51EBDA6EA307 /* [CP] Check Pods Manifest.lock */ = {
			isa = PBXShellScriptBuildPhase;
			buildActionMask = 2147483647;
			files = (
			);
			inputFileListPaths = (
			);
			inputPaths = (
				"${PODS_PODFILE_DIR_PATH}/Podfile.lock",
				"${PODS_ROOT}/Manifest.lock",
			);
			name = "[CP] Check Pods Manifest.lock";
			outputFileListPaths = (
			);
			outputPaths = (
				"$(DERIVED_FILE_DIR)/Pods-EventsTests-checkManifestLockResult.txt",
			);
			runOnlyForDeploymentPostprocessing = 0;
			shellPath = /bin/sh;
			shellScript = "diff \"${PODS_PODFILE_DIR_PATH}/Podfile.lock\" \"${PODS_ROOT}/Manifest.lock\" > /dev/null\nif [ $? != 0 ] ; then\n    # print error to STDERR\n    echo \"error: The sandbox is not in sync with the Podfile.lock. Run 'pod install' or update your CocoaPods installation.\" >&2\n    exit 1\nfi\n# This output is used by Xcode 'outputs' to avoid re-running this script phase.\necho \"SUCCESS\" > \"${SCRIPT_OUTPUT_FILE_0}\"\n";
			showEnvVarsInLog = 0;
		};
		4316BC683AEE21D33710E756 /* [CP] Embed Pods Frameworks */ = {
			isa = PBXShellScriptBuildPhase;
			buildActionMask = 2147483647;
			files = (
			);
			inputFileListPaths = (
				"${PODS_ROOT}/Target Support Files/Pods-Events/Pods-Events-frameworks-${CONFIGURATION}-input-files.xcfilelist",
			);
			name = "[CP] Embed Pods Frameworks";
			outputFileListPaths = (
				"${PODS_ROOT}/Target Support Files/Pods-Events/Pods-Events-frameworks-${CONFIGURATION}-output-files.xcfilelist",
			);
			runOnlyForDeploymentPostprocessing = 0;
			shellPath = /bin/sh;
			shellScript = "\"${PODS_ROOT}/Target Support Files/Pods-Events/Pods-Events-frameworks.sh\"\n";
			showEnvVarsInLog = 0;
		};
		92F182B9E0914287E58ED09D /* [CP] Embed Pods Frameworks */ = {
			isa = PBXShellScriptBuildPhase;
			buildActionMask = 2147483647;
			files = (
			);
			inputFileListPaths = (
				"${PODS_ROOT}/Target Support Files/Pods-EventsTests/Pods-EventsTests-frameworks-${CONFIGURATION}-input-files.xcfilelist",
			);
			name = "[CP] Embed Pods Frameworks";
			outputFileListPaths = (
				"${PODS_ROOT}/Target Support Files/Pods-EventsTests/Pods-EventsTests-frameworks-${CONFIGURATION}-output-files.xcfilelist",
			);
			runOnlyForDeploymentPostprocessing = 0;
			shellPath = /bin/sh;
			shellScript = "\"${PODS_ROOT}/Target Support Files/Pods-EventsTests/Pods-EventsTests-frameworks.sh\"\n";
			showEnvVarsInLog = 0;
		};
/* End PBXShellScriptBuildPhase section */

/* Begin PBXSourcesBuildPhase section */
		C6791A792353DFE1006C7FD2 /* Sources */ = {
			isa = PBXSourcesBuildPhase;
			buildActionMask = 2147483647;
			files = (
				C6791AA72353EBFB006C7FD2 /* GetAllEvents.swift in Sources */,
				C6F4D3AC2355636400570260 /* ImageCache.swift in Sources */,
				C6791A812353DFE1006C7FD2 /* AppDelegate.swift in Sources */,
				C6791AB32353FE8B006C7FD2 /* Coupon.swift in Sources */,
				C6791AC023541609006C7FD2 /* EventListViewController.swift in Sources */,
				C6791AAA2353F43B006C7FD2 /* RestClient.swift in Sources */,
				C6791AAC2353F467006C7FD2 /* HttpMethod.swift in Sources */,
				C6791ABE235415B2006C7FD2 /* EventsViewModel.swift in Sources */,
				C608E4AD2355ED9C002AB15A /* GetEventDetail.swift in Sources */,
				C6F4D3AF235567D800570260 /* UIImageViewExtension.swift in Sources */,
				C6791AAF2353FE3E006C7FD2 /* Event.swift in Sources */,
				C6791AB12353FE65006C7FD2 /* Person.swift in Sources */,
				C6791A832353DFE1006C7FD2 /* SceneDelegate.swift in Sources */,
				C6791AC623541A94006C7FD2 /* EventItemTableViewCell.swift in Sources */,
			);
			runOnlyForDeploymentPostprocessing = 0;
		};
		C6791A8F2353DFEA006C7FD2 /* Sources */ = {
			isa = PBXSourcesBuildPhase;
			buildActionMask = 2147483647;
			files = (
				C6791A982353DFEA006C7FD2 /* EventsTests.swift in Sources */,
			);
			runOnlyForDeploymentPostprocessing = 0;
		};
/* End PBXSourcesBuildPhase section */

/* Begin PBXTargetDependency section */
		C6791A952353DFEA006C7FD2 /* PBXTargetDependency */ = {
			isa = PBXTargetDependency;
			target = C6791A7C2353DFE1006C7FD2 /* Events */;
			targetProxy = C6791A942353DFEA006C7FD2 /* PBXContainerItemProxy */;
		};
/* End PBXTargetDependency section */

/* Begin PBXVariantGroup section */
		C6791A8B2353DFEA006C7FD2 /* LaunchScreen.storyboard */ = {
			isa = PBXVariantGroup;
			children = (
				C6791A8C2353DFEA006C7FD2 /* Base */,
			);
			name = LaunchScreen.storyboard;
			sourceTree = "<group>";
		};
/* End PBXVariantGroup section */

/* Begin XCBuildConfiguration section */
		C6791A9A2353DFEA006C7FD2 /* Debug */ = {
			isa = XCBuildConfiguration;
			buildSettings = {
				ALWAYS_SEARCH_USER_PATHS = NO;
				CLANG_ANALYZER_NONNULL = YES;
				CLANG_ANALYZER_NUMBER_OBJECT_CONVERSION = YES_AGGRESSIVE;
				CLANG_CXX_LANGUAGE_STANDARD = "gnu++14";
				CLANG_CXX_LIBRARY = "libc++";
				CLANG_ENABLE_MODULES = YES;
				CLANG_ENABLE_OBJC_ARC = YES;
				CLANG_ENABLE_OBJC_WEAK = YES;
				CLANG_WARN_BLOCK_CAPTURE_AUTORELEASING = YES;
				CLANG_WARN_BOOL_CONVERSION = YES;
				CLANG_WARN_COMMA = YES;
				CLANG_WARN_CONSTANT_CONVERSION = YES;
				CLANG_WARN_DEPRECATED_OBJC_IMPLEMENTATIONS = YES;
				CLANG_WARN_DIRECT_OBJC_ISA_USAGE = YES_ERROR;
				CLANG_WARN_DOCUMENTATION_COMMENTS = YES;
				CLANG_WARN_EMPTY_BODY = YES;
				CLANG_WARN_ENUM_CONVERSION = YES;
				CLANG_WARN_INFINITE_RECURSION = YES;
				CLANG_WARN_INT_CONVERSION = YES;
				CLANG_WARN_NON_LITERAL_NULL_CONVERSION = YES;
				CLANG_WARN_OBJC_IMPLICIT_RETAIN_SELF = YES;
				CLANG_WARN_OBJC_LITERAL_CONVERSION = YES;
				CLANG_WARN_OBJC_ROOT_CLASS = YES_ERROR;
				CLANG_WARN_RANGE_LOOP_ANALYSIS = YES;
				CLANG_WARN_STRICT_PROTOTYPES = YES;
				CLANG_WARN_SUSPICIOUS_MOVE = YES;
				CLANG_WARN_UNGUARDED_AVAILABILITY = YES_AGGRESSIVE;
				CLANG_WARN_UNREACHABLE_CODE = YES;
				CLANG_WARN__DUPLICATE_METHOD_MATCH = YES;
				COPY_PHASE_STRIP = NO;
				DEBUG_INFORMATION_FORMAT = dwarf;
				ENABLE_STRICT_OBJC_MSGSEND = YES;
				ENABLE_TESTABILITY = YES;
				GCC_C_LANGUAGE_STANDARD = gnu11;
				GCC_DYNAMIC_NO_PIC = NO;
				GCC_NO_COMMON_BLOCKS = YES;
				GCC_OPTIMIZATION_LEVEL = 0;
				GCC_PREPROCESSOR_DEFINITIONS = (
					"DEBUG=1",
					"$(inherited)",
				);
				GCC_WARN_64_TO_32_BIT_CONVERSION = YES;
				GCC_WARN_ABOUT_RETURN_TYPE = YES_ERROR;
				GCC_WARN_UNDECLARED_SELECTOR = YES;
				GCC_WARN_UNINITIALIZED_AUTOS = YES_AGGRESSIVE;
				GCC_WARN_UNUSED_FUNCTION = YES;
				GCC_WARN_UNUSED_VARIABLE = YES;
				IPHONEOS_DEPLOYMENT_TARGET = 13.1;
				MTL_ENABLE_DEBUG_INFO = INCLUDE_SOURCE;
				MTL_FAST_MATH = YES;
				ONLY_ACTIVE_ARCH = YES;
				SDKROOT = iphoneos;
				SWIFT_ACTIVE_COMPILATION_CONDITIONS = DEBUG;
				SWIFT_OPTIMIZATION_LEVEL = "-Onone";
			};
			name = Debug;
		};
		C6791A9B2353DFEA006C7FD2 /* Release */ = {
			isa = XCBuildConfiguration;
			buildSettings = {
				ALWAYS_SEARCH_USER_PATHS = NO;
				CLANG_ANALYZER_NONNULL = YES;
				CLANG_ANALYZER_NUMBER_OBJECT_CONVERSION = YES_AGGRESSIVE;
				CLANG_CXX_LANGUAGE_STANDARD = "gnu++14";
				CLANG_CXX_LIBRARY = "libc++";
				CLANG_ENABLE_MODULES = YES;
				CLANG_ENABLE_OBJC_ARC = YES;
				CLANG_ENABLE_OBJC_WEAK = YES;
				CLANG_WARN_BLOCK_CAPTURE_AUTORELEASING = YES;
				CLANG_WARN_BOOL_CONVERSION = YES;
				CLANG_WARN_COMMA = YES;
				CLANG_WARN_CONSTANT_CONVERSION = YES;
				CLANG_WARN_DEPRECATED_OBJC_IMPLEMENTATIONS = YES;
				CLANG_WARN_DIRECT_OBJC_ISA_USAGE = YES_ERROR;
				CLANG_WARN_DOCUMENTATION_COMMENTS = YES;
				CLANG_WARN_EMPTY_BODY = YES;
				CLANG_WARN_ENUM_CONVERSION = YES;
				CLANG_WARN_INFINITE_RECURSION = YES;
				CLANG_WARN_INT_CONVERSION = YES;
				CLANG_WARN_NON_LITERAL_NULL_CONVERSION = YES;
				CLANG_WARN_OBJC_IMPLICIT_RETAIN_SELF = YES;
				CLANG_WARN_OBJC_LITERAL_CONVERSION = YES;
				CLANG_WARN_OBJC_ROOT_CLASS = YES_ERROR;
				CLANG_WARN_RANGE_LOOP_ANALYSIS = YES;
				CLANG_WARN_STRICT_PROTOTYPES = YES;
				CLANG_WARN_SUSPICIOUS_MOVE = YES;
				CLANG_WARN_UNGUARDED_AVAILABILITY = YES_AGGRESSIVE;
				CLANG_WARN_UNREACHABLE_CODE = YES;
				CLANG_WARN__DUPLICATE_METHOD_MATCH = YES;
				COPY_PHASE_STRIP = NO;
				DEBUG_INFORMATION_FORMAT = "dwarf-with-dsym";
				ENABLE_NS_ASSERTIONS = NO;
				ENABLE_STRICT_OBJC_MSGSEND = YES;
				GCC_C_LANGUAGE_STANDARD = gnu11;
				GCC_NO_COMMON_BLOCKS = YES;
				GCC_WARN_64_TO_32_BIT_CONVERSION = YES;
				GCC_WARN_ABOUT_RETURN_TYPE = YES_ERROR;
				GCC_WARN_UNDECLARED_SELECTOR = YES;
				GCC_WARN_UNINITIALIZED_AUTOS = YES_AGGRESSIVE;
				GCC_WARN_UNUSED_FUNCTION = YES;
				GCC_WARN_UNUSED_VARIABLE = YES;
				IPHONEOS_DEPLOYMENT_TARGET = 13.1;
				MTL_ENABLE_DEBUG_INFO = NO;
				MTL_FAST_MATH = YES;
				SDKROOT = iphoneos;
				SWIFT_COMPILATION_MODE = wholemodule;
				SWIFT_OPTIMIZATION_LEVEL = "-O";
				VALIDATE_PRODUCT = YES;
			};
			name = Release;
		};
		C6791A9D2353DFEA006C7FD2 /* Debug */ = {
			isa = XCBuildConfiguration;
			baseConfigurationReference = 0FBAC8D3760CF5DFF2182B83 /* Pods-Events.debug.xcconfig */;
			buildSettings = {
				ASSETCATALOG_COMPILER_APPICON_NAME = AppIcon;
				CODE_SIGN_STYLE = Automatic;
				DEVELOPMENT_TEAM = 569DA64NZ4;
				INFOPLIST_FILE = Events/Info.plist;
				LD_RUNPATH_SEARCH_PATHS = (
					"$(inherited)",
					"@executable_path/Frameworks",
				);
				PRODUCT_BUNDLE_IDENTIFIER = br.darci.Events;
				PRODUCT_NAME = "$(TARGET_NAME)";
				SWIFT_VERSION = 5.0;
				TARGETED_DEVICE_FAMILY = "1,2";
			};
			name = Debug;
		};
		C6791A9E2353DFEA006C7FD2 /* Release */ = {
			isa = XCBuildConfiguration;
			baseConfigurationReference = 5B12BC75031F66655589A463 /* Pods-Events.release.xcconfig */;
			buildSettings = {
				ASSETCATALOG_COMPILER_APPICON_NAME = AppIcon;
				CODE_SIGN_STYLE = Automatic;
				DEVELOPMENT_TEAM = 569DA64NZ4;
				INFOPLIST_FILE = Events/Info.plist;
				LD_RUNPATH_SEARCH_PATHS = (
					"$(inherited)",
					"@executable_path/Frameworks",
				);
				PRODUCT_BUNDLE_IDENTIFIER = br.darci.Events;
				PRODUCT_NAME = "$(TARGET_NAME)";
				SWIFT_VERSION = 5.0;
				TARGETED_DEVICE_FAMILY = "1,2";
			};
			name = Release;
		};
		C6791AA02353DFEA006C7FD2 /* Debug */ = {
			isa = XCBuildConfiguration;
			baseConfigurationReference = 130573E4C1D653BA8E80AD72 /* Pods-EventsTests.debug.xcconfig */;
			buildSettings = {
				BUNDLE_LOADER = "$(TEST_HOST)";
				CODE_SIGN_STYLE = Automatic;
				DEVELOPMENT_TEAM = 569DA64NZ4;
				INFOPLIST_FILE = EventsTests/Info.plist;
				IPHONEOS_DEPLOYMENT_TARGET = 13.1;
				LD_RUNPATH_SEARCH_PATHS = (
					"$(inherited)",
					"@executable_path/Frameworks",
					"@loader_path/Frameworks",
				);
				PRODUCT_BUNDLE_IDENTIFIER = br.darci.EventsTests;
				PRODUCT_NAME = "$(TARGET_NAME)";
				SWIFT_VERSION = 5.0;
				TARGETED_DEVICE_FAMILY = "1,2";
				TEST_HOST = "$(BUILT_PRODUCTS_DIR)/Events.app/Events";
			};
			name = Debug;
		};
		C6791AA12353DFEA006C7FD2 /* Release */ = {
			isa = XCBuildConfiguration;
			baseConfigurationReference = 7A4F1494281C645F047D9E48 /* Pods-EventsTests.release.xcconfig */;
			buildSettings = {
				BUNDLE_LOADER = "$(TEST_HOST)";
				CODE_SIGN_STYLE = Automatic;
				DEVELOPMENT_TEAM = 569DA64NZ4;
				INFOPLIST_FILE = EventsTests/Info.plist;
				IPHONEOS_DEPLOYMENT_TARGET = 13.1;
				LD_RUNPATH_SEARCH_PATHS = (
					"$(inherited)",
					"@executable_path/Frameworks",
					"@loader_path/Frameworks",
				);
				PRODUCT_BUNDLE_IDENTIFIER = br.darci.EventsTests;
				PRODUCT_NAME = "$(TARGET_NAME)";
				SWIFT_VERSION = 5.0;
				TARGETED_DEVICE_FAMILY = "1,2";
				TEST_HOST = "$(BUILT_PRODUCTS_DIR)/Events.app/Events";
			};
			name = Release;
		};
/* End XCBuildConfiguration section */

/* Begin XCConfigurationList section */
		C6791A782353DFE1006C7FD2 /* Build configuration list for PBXProject "Events" */ = {
			isa = XCConfigurationList;
			buildConfigurations = (
				C6791A9A2353DFEA006C7FD2 /* Debug */,
				C6791A9B2353DFEA006C7FD2 /* Release */,
			);
			defaultConfigurationIsVisible = 0;
			defaultConfigurationName = Release;
		};
		C6791A9C2353DFEA006C7FD2 /* Build configuration list for PBXNativeTarget "Events" */ = {
			isa = XCConfigurationList;
			buildConfigurations = (
				C6791A9D2353DFEA006C7FD2 /* Debug */,
				C6791A9E2353DFEA006C7FD2 /* Release */,
			);
			defaultConfigurationIsVisible = 0;
			defaultConfigurationName = Release;
		};
		C6791A9F2353DFEA006C7FD2 /* Build configuration list for PBXNativeTarget "EventsTests" */ = {
			isa = XCConfigurationList;
			buildConfigurations = (
				C6791AA02353DFEA006C7FD2 /* Debug */,
				C6791AA12353DFEA006C7FD2 /* Release */,
			);
			defaultConfigurationIsVisible = 0;
			defaultConfigurationName = Release;
		};
/* End XCConfigurationList section */
	};
	rootObject = C6791A752353DFE1006C7FD2 /* Project object */;
}
